
Microsoft Visual Studio Solution File, Format Version 12.00
# Visual Studio Version 16
VisualStudioVersion = 16.0.29905.134
MinimumVisualStudioVersion = 10.0.40219.1
Project("{FAE04EC0-301F-11D3-BF4B-00C04F79EFBC}") = "ClicknEat", "ClicknEat.csproj", "{C7D16A1D-F5FB-48E4-A506-29E77D51A3B3}"
EndProject
Global
	GlobalSection(SolutionConfigurationPlatforms) = preSolution
		Debug|Any CPU = Debug|Any CPU
		Release|Any CPU = Release|Any CPU
	EndGlobalSection
	GlobalSection(ProjectConfigurationPlatforms) = postSolution
		{C7D16A1D-F5FB-48E4-A506-29E77D51A3B3}.Debug|Any CPU.ActiveCfg = Debug|Any CPU
		{C7D16A1D-F5FB-48E4-A506-29E77D51A3B3}.Debug|Any CPU.Build.0 = Debug|Any CPU
		{C7D16A1D-F5FB-48E4-A506-29E77D51A3B3}.Release|Any CPU.ActiveCfg = Release|Any CPU
		{C7D16A1D-F5FB-48E4-A506-29E77D51A3B3}.Release|Any CPU.Build.0 = Release|Any CPU
	EndGlobalSection
	GlobalSection(SolutionProperties) = preSolution
		HideSolutionNode = FALSE
	EndGlobalSection
	GlobalSection(ExtensibilityGlobals) = postSolution
		SolutionGuid = {ADE02C2E-C6C4-4656-92AE-8CF8F33F45CC}
	EndGlobalSection
EndGlobal
