
Microsoft Visual Studio Solution File, Format Version 12.00
# Visual Studio Version 16
VisualStudioVersion = 16.0.29905.134
MinimumVisualStudioVersion = 10.0.40219.1
Project("{9A19103F-16F7-4668-BE54-9A1E7A4F7556}") = "ClicknEat", "ClicknEat.csproj", "{C7D16A1D-F5FB-48E4-A506-29E77D51A3B3}"
EndProject
Project("{9A19103F-16F7-4668-BE54-9A1E7A4F7556}") = "ClicknEat.Contracts", "..\ClicknEat.Contracts\ClicknEat.Contracts.csproj", "{649133C8-D729-4A85-9585-C80EDB5511DC}"
EndProject
Project("{FAE04EC0-301F-11D3-BF4B-00C04F79EFBC}") = "ClicknEat.IntegrationTests", "..\ClicknEat.IntegrationTests\ClicknEat.IntegrationTests.csproj", "{914B3557-C527-4D3E-B8EA-1EE13A854784}"
EndProject
Global
	GlobalSection(SolutionConfigurationPlatforms) = preSolution
		Debug|Any CPU = Debug|Any CPU
		Release|Any CPU = Release|Any CPU
	EndGlobalSection
	GlobalSection(ProjectConfigurationPlatforms) = postSolution
		{C7D16A1D-F5FB-48E4-A506-29E77D51A3B3}.Debug|Any CPU.ActiveCfg = Debug|Any CPU
		{C7D16A1D-F5FB-48E4-A506-29E77D51A3B3}.Debug|Any CPU.Build.0 = Debug|Any CPU
		{C7D16A1D-F5FB-48E4-A506-29E77D51A3B3}.Release|Any CPU.ActiveCfg = Release|Any CPU
		{C7D16A1D-F5FB-48E4-A506-29E77D51A3B3}.Release|Any CPU.Build.0 = Release|Any CPU
		{649133C8-D729-4A85-9585-C80EDB5511DC}.Debug|Any CPU.ActiveCfg = Debug|Any CPU
		{649133C8-D729-4A85-9585-C80EDB5511DC}.Debug|Any CPU.Build.0 = Debug|Any CPU
		{649133C8-D729-4A85-9585-C80EDB5511DC}.Release|Any CPU.ActiveCfg = Release|Any CPU
		{649133C8-D729-4A85-9585-C80EDB5511DC}.Release|Any CPU.Build.0 = Release|Any CPU
		{914B3557-C527-4D3E-B8EA-1EE13A854784}.Debug|Any CPU.ActiveCfg = Debug|Any CPU
		{914B3557-C527-4D3E-B8EA-1EE13A854784}.Debug|Any CPU.Build.0 = Debug|Any CPU
		{914B3557-C527-4D3E-B8EA-1EE13A854784}.Release|Any CPU.ActiveCfg = Release|Any CPU
		{914B3557-C527-4D3E-B8EA-1EE13A854784}.Release|Any CPU.Build.0 = Release|Any CPU
	EndGlobalSection
	GlobalSection(SolutionProperties) = preSolution
		HideSolutionNode = FALSE
	EndGlobalSection
	GlobalSection(ExtensibilityGlobals) = postSolution
		SolutionGuid = {ADE02C2E-C6C4-4656-92AE-8CF8F33F45CC}
	EndGlobalSection
EndGlobal
